{
  "name": "simple_app",
  "version": "0.0.0",
  "lockfileVersion": 2,
  "requires": true,
  "packages": {
    "": {
      "name": "simple_app",
      "version": "0.0.0",
      "dependencies": {
        "leftpad": "~0.0.1"
      },
      "engines": {
        "node": "~18"
      }
    },
    "node_modules/leftpad": {
      "version": "0.0.1",
      "deprecated": "Use the built-in String.padStart function instead",
      "license": "BSD-3-Clause"
    }
  },
  "dependencies": {
    "leftpad": {
      "version": "0.0.1"
    }
  }
}
